{
  "originHash" : "7abf1dd76d62709d50ab97ba7b5907de6a95cbc813d2bf154db0688b92d85914",
  "pins" : [
    {
      "identity" : "viewinspector",
      "kind" : "remoteSourceControl",
      "location" : "https://github.com/nalexn/ViewInspector",
      "state" : {
        "revision" : "67319287749b83f39dcc2f20edd520c610c012fd",
        "version" : "0.9.10"
      }
    }
  ],
  "version" : 3
}
