// !$*UTF8*$!
{
	archiveVersion = 1;
	classes = {
	};
	objectVersion = 56;
	objects = {

/* Begin PBXBuildFile section */
		ED5C880E2B9CE40D00D97AE3 /* FindFalconRouter.swift in Sources */ = {isa = PBXBuildFile; fileRef = ED5C880D2B9CE40D00D97AE3 /* FindFalconRouter.swift */; };
		ED5C88112B9D67C900D97AE3 /* FoundFalconView.swift in Sources */ = {isa = PBXBuildFile; fileRef = ED5C88102B9D67C900D97AE3 /* FoundFalconView.swift */; };
		ED5C88132B9D68BE00D97AE3 /* FoundFalconInteractor.swift in Sources */ = {isa = PBXBuildFile; fileRef = ED5C88122B9D68BE00D97AE3 /* FoundFalconInteractor.swift */; };
		ED5C88152B9D693200D97AE3 /* FoundFalconConfigurator.swift in Sources */ = {isa = PBXBuildFile; fileRef = ED5C88142B9D693200D97AE3 /* FoundFalconConfigurator.swift */; };
		ED5C88172B9D698700D97AE3 /* FoundFalconPresenter.swift in Sources */ = {isa = PBXBuildFile; fileRef = ED5C88162B9D698700D97AE3 /* FoundFalconPresenter.swift */; };
		ED5C88192B9D6D9500D97AE3 /* FoundFalconModel.swift in Sources */ = {isa = PBXBuildFile; fileRef = ED5C88182B9D6D9500D97AE3 /* FoundFalconModel.swift */; };
		ED5C881E2B9DBA0A00D97AE3 /* FoundFalconDataStore.swift in Sources */ = {isa = PBXBuildFile; fileRef = ED5C881D2B9DBA0A00D97AE3 /* FoundFalconDataStore.swift */; };
		ED5C88202BA1881800D97AE3 /* FindFalconDataModel.swift in Sources */ = {isa = PBXBuildFile; fileRef = ED5C881F2BA1881800D97AE3 /* FindFalconDataModel.swift */; };
		ED5C88232BA1FC4000D97AE3 /* ModelMocks.swift in Sources */ = {isa = PBXBuildFile; fileRef = ED5C88222BA1FC4000D97AE3 /* ModelMocks.swift */; };
		ED5C88262BA1FE3500D97AE3 /* Mocks.swift in Sources */ = {isa = PBXBuildFile; fileRef = ED5C88252BA1FE3500D97AE3 /* Mocks.swift */; };
		ED5C88282BA204B300D97AE3 /* APIClientMock.swift in Sources */ = {isa = PBXBuildFile; fileRef = ED5C88272BA204B300D97AE3 /* APIClientMock.swift */; };
		ED5C882B2BA2097E00D97AE3 /* NetworkManagerTests.swift in Sources */ = {isa = PBXBuildFile; fileRef = ED5C882A2BA2097E00D97AE3 /* NetworkManagerTests.swift */; };
		ED5C882D2BA3389500D97AE3 /* ServerMock.swift in Sources */ = {isa = PBXBuildFile; fileRef = ED5C882C2BA3389500D97AE3 /* ServerMock.swift */; };
		ED5C882F2BA339AA00D97AE3 /* URLSessionClientTests.swift in Sources */ = {isa = PBXBuildFile; fileRef = ED5C882E2BA339AA00D97AE3 /* URLSessionClientTests.swift */; };
		ED5C88312BA3520A00D97AE3 /* ResponseHandlerTests.swift in Sources */ = {isa = PBXBuildFile; fileRef = ED5C88302BA3520A00D97AE3 /* ResponseHandlerTests.swift */; };
		ED5C88352BA42AA700D97AE3 /* FoundFalconPresenterMock.swift in Sources */ = {isa = PBXBuildFile; fileRef = ED5C88342BA42AA700D97AE3 /* FoundFalconPresenterMock.swift */; };
		ED5C88372BA42BED00D97AE3 /* FoundFalconInteractorTests.swift in Sources */ = {isa = PBXBuildFile; fileRef = ED5C88362BA42BED00D97AE3 /* FoundFalconInteractorTests.swift */; };
		ED5C883A2BA42E4100D97AE3 /* FoundFalconWorkerMock.swift in Sources */ = {isa = PBXBuildFile; fileRef = ED5C88392BA42E4100D97AE3 /* FoundFalconWorkerMock.swift */; };
		ED5C883C2BA43AF600D97AE3 /* FoundFalconDisplayMock.swift in Sources */ = {isa = PBXBuildFile; fileRef = ED5C883B2BA43AF600D97AE3 /* FoundFalconDisplayMock.swift */; };
		ED5C883E2BA43BDA00D97AE3 /* FoundFalconPresenterTests.swift in Sources */ = {isa = PBXBuildFile; fileRef = ED5C883D2BA43BDA00D97AE3 /* FoundFalconPresenterTests.swift */; };
		ED5C88402BA4410200D97AE3 /* NetworkManagerMock.swift in Sources */ = {isa = PBXBuildFile; fileRef = ED5C883F2BA4410200D97AE3 /* NetworkManagerMock.swift */; };
		ED5C88422BA44C4E00D97AE3 /* FoundFalconWorkerTests.swift in Sources */ = {isa = PBXBuildFile; fileRef = ED5C88412BA44C4E00D97AE3 /* FoundFalconWorkerTests.swift */; };
		ED5C88442BA44E7900D97AE3 /* FoundFalconInteractorMock.swift in Sources */ = {isa = PBXBuildFile; fileRef = ED5C88432BA44E7900D97AE3 /* FoundFalconInteractorMock.swift */; };
		ED5C88462BA44EF500D97AE3 /* FoundFalconViewTests.swift in Sources */ = {isa = PBXBuildFile; fileRef = ED5C88452BA44EF500D97AE3 /* FoundFalconViewTests.swift */; };
		ED5C88482BA4507900D97AE3 /* FoundFalconModelMocks.swift in Sources */ = {isa = PBXBuildFile; fileRef = ED5C88472BA4507900D97AE3 /* FoundFalconModelMocks.swift */; };
		ED5C884B2BA4514D00D97AE3 /* FindFalconModelMocks.swift in Sources */ = {isa = PBXBuildFile; fileRef = ED5C884A2BA4514D00D97AE3 /* FindFalconModelMocks.swift */; };
		ED5C884E2BA47D0F00D97AE3 /* FindFalconDisplayMock.swift in Sources */ = {isa = PBXBuildFile; fileRef = ED5C884D2BA47D0F00D97AE3 /* FindFalconDisplayMock.swift */; };
		ED5C88502BA47D2200D97AE3 /* FindFalconInteractorMock.swift in Sources */ = {isa = PBXBuildFile; fileRef = ED5C884F2BA47D2200D97AE3 /* FindFalconInteractorMock.swift */; };
		ED5C88522BA47E0B00D97AE3 /* FindFalconPresenterMock.swift in Sources */ = {isa = PBXBuildFile; fileRef = ED5C88512BA47E0B00D97AE3 /* FindFalconPresenterMock.swift */; };
		ED5C88542BA47E3100D97AE3 /* FindFalconTokenWorkerMock.swift in Sources */ = {isa = PBXBuildFile; fileRef = ED5C88532BA47E3100D97AE3 /* FindFalconTokenWorkerMock.swift */; };
		ED5C88562BA47E4100D97AE3 /* FindFalconPlanetsAndVehiclesWorkerMock.swift in Sources */ = {isa = PBXBuildFile; fileRef = ED5C88552BA47E4100D97AE3 /* FindFalconPlanetsAndVehiclesWorkerMock.swift */; };
		ED5C88582BA4823500D97AE3 /* FindFalconInteractorTests.swift in Sources */ = {isa = PBXBuildFile; fileRef = ED5C88572BA4823500D97AE3 /* FindFalconInteractorTests.swift */; };
		ED5C885A2BA4824C00D97AE3 /* FindFalconPresenterTests.swift in Sources */ = {isa = PBXBuildFile; fileRef = ED5C88592BA4824C00D97AE3 /* FindFalconPresenterTests.swift */; };
		ED5C885C2BA4826900D97AE3 /* FindFalconViewTests.swift in Sources */ = {isa = PBXBuildFile; fileRef = ED5C885B2BA4826900D97AE3 /* FindFalconViewTests.swift */; };
		ED5C885E2BA4828200D97AE3 /* FindFalconTokenWorkerTests.swift in Sources */ = {isa = PBXBuildFile; fileRef = ED5C885D2BA4828200D97AE3 /* FindFalconTokenWorkerTests.swift */; };
		ED5C88602BA4829100D97AE3 /* FindFalconPlanetsAndVehiclesWorkerTests.swift in Sources */ = {isa = PBXBuildFile; fileRef = ED5C885F2BA4829100D97AE3 /* FindFalconPlanetsAndVehiclesWorkerTests.swift */; };
		ED5C88622BA4A58C00D97AE3 /* FindFalconDataModelTests.swift in Sources */ = {isa = PBXBuildFile; fileRef = ED5C88612BA4A58C00D97AE3 /* FindFalconDataModelTests.swift */; };
		ED5C88642BA4B79800D97AE3 /* FindFalconDataStoreTests.swift in Sources */ = {isa = PBXBuildFile; fileRef = ED5C88632BA4B79800D97AE3 /* FindFalconDataStoreTests.swift */; };
		EDE92D832B95FEAC00C6A055 /* FindingFalconApp.swift in Sources */ = {isa = PBXBuildFile; fileRef = EDE92D822B95FEAC00C6A055 /* FindingFalconApp.swift */; };
		EDE92D852B95FEAC00C6A055 /* FindFalconView.swift in Sources */ = {isa = PBXBuildFile; fileRef = EDE92D842B95FEAC00C6A055 /* FindFalconView.swift */; };
		EDE92D872B95FEAF00C6A055 /* Assets.xcassets in Resources */ = {isa = PBXBuildFile; fileRef = EDE92D862B95FEAF00C6A055 /* Assets.xcassets */; };
		EDE92D8A2B95FEAF00C6A055 /* Preview Assets.xcassets in Resources */ = {isa = PBXBuildFile; fileRef = EDE92D892B95FEAF00C6A055 /* Preview Assets.xcassets */; };
		EDE92DAE2B95FF2F00C6A055 /* API.swift in Sources */ = {isa = PBXBuildFile; fileRef = EDE92DAD2B95FF2F00C6A055 /* API.swift */; };
		EDE92DB02B96023400C6A055 /* NetworkManager.swift in Sources */ = {isa = PBXBuildFile; fileRef = EDE92DAF2B96023400C6A055 /* NetworkManager.swift */; };
		EDE92DB22B96026000C6A055 /* APIClient.swift in Sources */ = {isa = PBXBuildFile; fileRef = EDE92DB12B96026000C6A055 /* APIClient.swift */; };
		EDE92DB42B96029000C6A055 /* ResponseHandler.swift in Sources */ = {isa = PBXBuildFile; fileRef = EDE92DB32B96029000C6A055 /* ResponseHandler.swift */; };
		EDE92DB72B961D5500C6A055 /* Planet.swift in Sources */ = {isa = PBXBuildFile; fileRef = EDE92DB62B961D5500C6A055 /* Planet.swift */; };
		EDE92DB92B961D6900C6A055 /* Vehicle.swift in Sources */ = {isa = PBXBuildFile; fileRef = EDE92DB82B961D6900C6A055 /* Vehicle.swift */; };
		EDE92DBB2B961DB100C6A055 /* Token.swift in Sources */ = {isa = PBXBuildFile; fileRef = EDE92DBA2B961DB100C6A055 /* Token.swift */; };
		EDE92DBF2B961E8100C6A055 /* APIResponse.swift in Sources */ = {isa = PBXBuildFile; fileRef = EDE92DBE2B961E8100C6A055 /* APIResponse.swift */; };
		EDE92DC12B961EB900C6A055 /* APIError.swift in Sources */ = {isa = PBXBuildFile; fileRef = EDE92DC02B961EB900C6A055 /* APIError.swift */; };
		EDE92DC32B9634F600C6A055 /* FindFalconInteractor.swift in Sources */ = {isa = PBXBuildFile; fileRef = EDE92DC22B9634F600C6A055 /* FindFalconInteractor.swift */; };
		EDE92DC82B96383700C6A055 /* FindFalconPresenter.swift in Sources */ = {isa = PBXBuildFile; fileRef = EDE92DC72B96383700C6A055 /* FindFalconPresenter.swift */; };
		EDE92DCC2B96D19F00C6A055 /* FoundFalconWorker.swift in Sources */ = {isa = PBXBuildFile; fileRef = EDE92DCB2B96D19F00C6A055 /* FoundFalconWorker.swift */; };
		EDE92DCE2B96EA2000C6A055 /* FindFalconConfigurator.swift in Sources */ = {isa = PBXBuildFile; fileRef = EDE92DCD2B96EA2000C6A055 /* FindFalconConfigurator.swift */; };
		EDE92DD52B96ECB800C6A055 /* FindFalconTokenWorker.swift in Sources */ = {isa = PBXBuildFile; fileRef = EDE92DD42B96ECB800C6A055 /* FindFalconTokenWorker.swift */; };
		EDE92DD82B96F9E500C6A055 /* FindFalconDataStore.swift in Sources */ = {isa = PBXBuildFile; fileRef = EDE92DD72B96F9E500C6A055 /* FindFalconDataStore.swift */; };
		EDE92DDA2B96FBA500C6A055 /* FindFalconModel.swift in Sources */ = {isa = PBXBuildFile; fileRef = EDE92DD92B96FBA500C6A055 /* FindFalconModel.swift */; };
		EDE92DE02B97216000C6A055 /* SelectVehicleView.swift in Sources */ = {isa = PBXBuildFile; fileRef = EDE92DDF2B97216000C6A055 /* SelectVehicleView.swift */; };
		EDE92DE22B9757B400C6A055 /* DestinationView.swift in Sources */ = {isa = PBXBuildFile; fileRef = EDE92DE12B9757B400C6A055 /* DestinationView.swift */; };
		EDE92DE42B9779AF00C6A055 /* FindFalconPlanetsAndVehiclesWorker.swift in Sources */ = {isa = PBXBuildFile; fileRef = EDE92DE32B9779AF00C6A055 /* FindFalconPlanetsAndVehiclesWorker.swift */; };
		EDFE181D2BA5A77C0085A0E8 /* DestinationViewTests.swift in Sources */ = {isa = PBXBuildFile; fileRef = EDFE181C2BA5A77C0085A0E8 /* DestinationViewTests.swift */; };
		EDFE18252BA5C3140085A0E8 /* FindFalconInteractorErrorMock.swift in Sources */ = {isa = PBXBuildFile; fileRef = EDFE18242BA5C3140085A0E8 /* FindFalconInteractorErrorMock.swift */; };
/* End PBXBuildFile section */

/* Begin PBXContainerItemProxy section */
		EDE92D902B95FEAF00C6A055 /* PBXContainerItemProxy */ = {
			isa = PBXContainerItemProxy;
			containerPortal = EDE92D772B95FEAC00C6A055 /* Project object */;
			proxyType = 1;
			remoteGlobalIDString = EDE92D7E2B95FEAC00C6A055;
			remoteInfo = FindingFalcon;
		};
/* End PBXContainerItemProxy section */

/* Begin PBXFileReference section */
		ED5C880D2B9CE40D00D97AE3 /* FindFalconRouter.swift */ = {isa = PBXFileReference; lastKnownFileType = sourcecode.swift; path = FindFalconRouter.swift; sourceTree = "<group>"; };
		ED5C88102B9D67C900D97AE3 /* FoundFalconView.swift */ = {isa = PBXFileReference; lastKnownFileType = sourcecode.swift; path = FoundFalconView.swift; sourceTree = "<group>"; };
		ED5C88122B9D68BE00D97AE3 /* FoundFalconInteractor.swift */ = {isa = PBXFileReference; lastKnownFileType = sourcecode.swift; path = FoundFalconInteractor.swift; sourceTree = "<group>"; };
		ED5C88142B9D693200D97AE3 /* FoundFalconConfigurator.swift */ = {isa = PBXFileReference; lastKnownFileType = sourcecode.swift; path = FoundFalconConfigurator.swift; sourceTree = "<group>"; };
		ED5C88162B9D698700D97AE3 /* FoundFalconPresenter.swift */ = {isa = PBXFileReference; lastKnownFileType = sourcecode.swift; path = FoundFalconPresenter.swift; sourceTree = "<group>"; };
		ED5C88182B9D6D9500D97AE3 /* FoundFalconModel.swift */ = {isa = PBXFileReference; lastKnownFileType = sourcecode.swift; path = FoundFalconModel.swift; sourceTree = "<group>"; };
		ED5C881D2B9DBA0A00D97AE3 /* FoundFalconDataStore.swift */ = {isa = PBXFileReference; lastKnownFileType = sourcecode.swift; path = FoundFalconDataStore.swift; sourceTree = "<group>"; };
		ED5C881F2BA1881800D97AE3 /* FindFalconDataModel.swift */ = {isa = PBXFileReference; lastKnownFileType = sourcecode.swift; path = FindFalconDataModel.swift; sourceTree = "<group>"; };
		ED5C88222BA1FC4000D97AE3 /* ModelMocks.swift */ = {isa = PBXFileReference; lastKnownFileType = sourcecode.swift; path = ModelMocks.swift; sourceTree = "<group>"; };
		ED5C88252BA1FE3500D97AE3 /* Mocks.swift */ = {isa = PBXFileReference; lastKnownFileType = sourcecode.swift; path = Mocks.swift; sourceTree = "<group>"; };
		ED5C88272BA204B300D97AE3 /* APIClientMock.swift */ = {isa = PBXFileReference; lastKnownFileType = sourcecode.swift; path = APIClientMock.swift; sourceTree = "<group>"; };
		ED5C882A2BA2097E00D97AE3 /* NetworkManagerTests.swift */ = {isa = PBXFileReference; lastKnownFileType = sourcecode.swift; path = NetworkManagerTests.swift; sourceTree = "<group>"; };
		ED5C882C2BA3389500D97AE3 /* ServerMock.swift */ = {isa = PBXFileReference; lastKnownFileType = sourcecode.swift; path = ServerMock.swift; sourceTree = "<group>"; };
		ED5C882E2BA339AA00D97AE3 /* URLSessionClientTests.swift */ = {isa = PBXFileReference; lastKnownFileType = sourcecode.swift; path = URLSessionClientTests.swift; sourceTree = "<group>"; };
		ED5C88302BA3520A00D97AE3 /* ResponseHandlerTests.swift */ = {isa = PBXFileReference; lastKnownFileType = sourcecode.swift; path = ResponseHandlerTests.swift; sourceTree = "<group>"; };
		ED5C88342BA42AA700D97AE3 /* FoundFalconPresenterMock.swift */ = {isa = PBXFileReference; lastKnownFileType = sourcecode.swift; path = FoundFalconPresenterMock.swift; sourceTree = "<group>"; };
		ED5C88362BA42BED00D97AE3 /* FoundFalconInteractorTests.swift */ = {isa = PBXFileReference; lastKnownFileType = sourcecode.swift; path = FoundFalconInteractorTests.swift; sourceTree = "<group>"; };
		ED5C88392BA42E4100D97AE3 /* FoundFalconWorkerMock.swift */ = {isa = PBXFileReference; lastKnownFileType = sourcecode.swift; path = FoundFalconWorkerMock.swift; sourceTree = "<group>"; };
		ED5C883B2BA43AF600D97AE3 /* FoundFalconDisplayMock.swift */ = {isa = PBXFileReference; lastKnownFileType = sourcecode.swift; path = FoundFalconDisplayMock.swift; sourceTree = "<group>"; };
		ED5C883D2BA43BDA00D97AE3 /* FoundFalconPresenterTests.swift */ = {isa = PBXFileReference; lastKnownFileType = sourcecode.swift; path = FoundFalconPresenterTests.swift; sourceTree = "<group>"; };
		ED5C883F2BA4410200D97AE3 /* NetworkManagerMock.swift */ = {isa = PBXFileReference; lastKnownFileType = sourcecode.swift; path = NetworkManagerMock.swift; sourceTree = "<group>"; };
		ED5C88412BA44C4E00D97AE3 /* FoundFalconWorkerTests.swift */ = {isa = PBXFileReference; lastKnownFileType = sourcecode.swift; path = FoundFalconWorkerTests.swift; sourceTree = "<group>"; };
		ED5C88432BA44E7900D97AE3 /* FoundFalconInteractorMock.swift */ = {isa = PBXFileReference; lastKnownFileType = sourcecode.swift; path = FoundFalconInteractorMock.swift; sourceTree = "<group>"; };
		ED5C88452BA44EF500D97AE3 /* FoundFalconViewTests.swift */ = {isa = PBXFileReference; lastKnownFileType = sourcecode.swift; path = FoundFalconViewTests.swift; sourceTree = "<group>"; };
		ED5C88472BA4507900D97AE3 /* FoundFalconModelMocks.swift */ = {isa = PBXFileReference; lastKnownFileType = sourcecode.swift; path = FoundFalconModelMocks.swift; sourceTree = "<group>"; };
		ED5C884A2BA4514D00D97AE3 /* FindFalconModelMocks.swift */ = {isa = PBXFileReference; lastKnownFileType = sourcecode.swift; path = FindFalconModelMocks.swift; sourceTree = "<group>"; };
		ED5C884D2BA47D0F00D97AE3 /* FindFalconDisplayMock.swift */ = {isa = PBXFileReference; lastKnownFileType = sourcecode.swift; path = FindFalconDisplayMock.swift; sourceTree = "<group>"; };
		ED5C884F2BA47D2200D97AE3 /* FindFalconInteractorMock.swift */ = {isa = PBXFileReference; lastKnownFileType = sourcecode.swift; path = FindFalconInteractorMock.swift; sourceTree = "<group>"; };
		ED5C88512BA47E0B00D97AE3 /* FindFalconPresenterMock.swift */ = {isa = PBXFileReference; lastKnownFileType = sourcecode.swift; path = FindFalconPresenterMock.swift; sourceTree = "<group>"; };
		ED5C88532BA47E3100D97AE3 /* FindFalconTokenWorkerMock.swift */ = {isa = PBXFileReference; lastKnownFileType = sourcecode.swift; path = FindFalconTokenWorkerMock.swift; sourceTree = "<group>"; };
		ED5C88552BA47E4100D97AE3 /* FindFalconPlanetsAndVehiclesWorkerMock.swift */ = {isa = PBXFileReference; lastKnownFileType = sourcecode.swift; path = FindFalconPlanetsAndVehiclesWorkerMock.swift; sourceTree = "<group>"; };
		ED5C88572BA4823500D97AE3 /* FindFalconInteractorTests.swift */ = {isa = PBXFileReference; lastKnownFileType = sourcecode.swift; path = FindFalconInteractorTests.swift; sourceTree = "<group>"; };
		ED5C88592BA4824C00D97AE3 /* FindFalconPresenterTests.swift */ = {isa = PBXFileReference; lastKnownFileType = sourcecode.swift; path = FindFalconPresenterTests.swift; sourceTree = "<group>"; };
		ED5C885B2BA4826900D97AE3 /* FindFalconViewTests.swift */ = {isa = PBXFileReference; lastKnownFileType = sourcecode.swift; path = FindFalconViewTests.swift; sourceTree = "<group>"; };
		ED5C885D2BA4828200D97AE3 /* FindFalconTokenWorkerTests.swift */ = {isa = PBXFileReference; lastKnownFileType = sourcecode.swift; path = FindFalconTokenWorkerTests.swift; sourceTree = "<group>"; };
		ED5C885F2BA4829100D97AE3 /* FindFalconPlanetsAndVehiclesWorkerTests.swift */ = {isa = PBXFileReference; lastKnownFileType = sourcecode.swift; path = FindFalconPlanetsAndVehiclesWorkerTests.swift; sourceTree = "<group>"; };
		ED5C88612BA4A58C00D97AE3 /* FindFalconDataModelTests.swift */ = {isa = PBXFileReference; lastKnownFileType = sourcecode.swift; path = FindFalconDataModelTests.swift; sourceTree = "<group>"; };
		ED5C88632BA4B79800D97AE3 /* FindFalconDataStoreTests.swift */ = {isa = PBXFileReference; lastKnownFileType = sourcecode.swift; path = FindFalconDataStoreTests.swift; sourceTree = "<group>"; };
		EDE92D7F2B95FEAC00C6A055 /* FindingFalcon.app */ = {isa = PBXFileReference; explicitFileType = wrapper.application; includeInIndex = 0; path = FindingFalcon.app; sourceTree = BUILT_PRODUCTS_DIR; };
		EDE92D822B95FEAC00C6A055 /* FindingFalconApp.swift */ = {isa = PBXFileReference; lastKnownFileType = sourcecode.swift; path = FindingFalconApp.swift; sourceTree = "<group>"; };
		EDE92D842B95FEAC00C6A055 /* FindFalconView.swift */ = {isa = PBXFileReference; lastKnownFileType = sourcecode.swift; path = FindFalconView.swift; sourceTree = "<group>"; };
		EDE92D862B95FEAF00C6A055 /* Assets.xcassets */ = {isa = PBXFileReference; lastKnownFileType = folder.assetcatalog; path = Assets.xcassets; sourceTree = "<group>"; };
		EDE92D892B95FEAF00C6A055 /* Preview Assets.xcassets */ = {isa = PBXFileReference; lastKnownFileType = folder.assetcatalog; path = "Preview Assets.xcassets"; sourceTree = "<group>"; };
		EDE92D8F2B95FEAF00C6A055 /* FindingFalconTests.xctest */ = {isa = PBXFileReference; explicitFileType = wrapper.cfbundle; includeInIndex = 0; path = FindingFalconTests.xctest; sourceTree = BUILT_PRODUCTS_DIR; };
		EDE92DAD2B95FF2F00C6A055 /* API.swift */ = {isa = PBXFileReference; lastKnownFileType = sourcecode.swift; path = API.swift; sourceTree = "<group>"; };
		EDE92DAF2B96023400C6A055 /* NetworkManager.swift */ = {isa = PBXFileReference; lastKnownFileType = sourcecode.swift; path = NetworkManager.swift; sourceTree = "<group>"; };
		EDE92DB12B96026000C6A055 /* APIClient.swift */ = {isa = PBXFileReference; lastKnownFileType = sourcecode.swift; path = APIClient.swift; sourceTree = "<group>"; };
		EDE92DB32B96029000C6A055 /* ResponseHandler.swift */ = {isa = PBXFileReference; lastKnownFileType = sourcecode.swift; path = ResponseHandler.swift; sourceTree = "<group>"; };
		EDE92DB62B961D5500C6A055 /* Planet.swift */ = {isa = PBXFileReference; lastKnownFileType = sourcecode.swift; path = Planet.swift; sourceTree = "<group>"; };
		EDE92DB82B961D6900C6A055 /* Vehicle.swift */ = {isa = PBXFileReference; lastKnownFileType = sourcecode.swift; path = Vehicle.swift; sourceTree = "<group>"; };
		EDE92DBA2B961DB100C6A055 /* Token.swift */ = {isa = PBXFileReference; lastKnownFileType = sourcecode.swift; path = Token.swift; sourceTree = "<group>"; };
		EDE92DBE2B961E8100C6A055 /* APIResponse.swift */ = {isa = PBXFileReference; lastKnownFileType = sourcecode.swift; path = APIResponse.swift; sourceTree = "<group>"; };
		EDE92DC02B961EB900C6A055 /* APIError.swift */ = {isa = PBXFileReference; lastKnownFileType = sourcecode.swift; path = APIError.swift; sourceTree = "<group>"; };
		EDE92DC22B9634F600C6A055 /* FindFalconInteractor.swift */ = {isa = PBXFileReference; lastKnownFileType = sourcecode.swift; path = FindFalconInteractor.swift; sourceTree = "<group>"; };
		EDE92DC72B96383700C6A055 /* FindFalconPresenter.swift */ = {isa = PBXFileReference; lastKnownFileType = sourcecode.swift; path = FindFalconPresenter.swift; sourceTree = "<group>"; };
		EDE92DCB2B96D19F00C6A055 /* FoundFalconWorker.swift */ = {isa = PBXFileReference; lastKnownFileType = sourcecode.swift; path = FoundFalconWorker.swift; sourceTree = "<group>"; };
		EDE92DCD2B96EA2000C6A055 /* FindFalconConfigurator.swift */ = {isa = PBXFileReference; lastKnownFileType = sourcecode.swift; path = FindFalconConfigurator.swift; sourceTree = "<group>"; };
		EDE92DD42B96ECB800C6A055 /* FindFalconTokenWorker.swift */ = {isa = PBXFileReference; lastKnownFileType = sourcecode.swift; path = FindFalconTokenWorker.swift; sourceTree = "<group>"; };
		EDE92DD72B96F9E500C6A055 /* FindFalconDataStore.swift */ = {isa = PBXFileReference; lastKnownFileType = sourcecode.swift; path = FindFalconDataStore.swift; sourceTree = "<group>"; };
		EDE92DD92B96FBA500C6A055 /* FindFalconModel.swift */ = {isa = PBXFileReference; lastKnownFileType = sourcecode.swift; path = FindFalconModel.swift; sourceTree = "<group>"; };
		EDE92DDF2B97216000C6A055 /* SelectVehicleView.swift */ = {isa = PBXFileReference; lastKnownFileType = sourcecode.swift; path = SelectVehicleView.swift; sourceTree = "<group>"; };
		EDE92DE12B9757B400C6A055 /* DestinationView.swift */ = {isa = PBXFileReference; lastKnownFileType = sourcecode.swift; path = DestinationView.swift; sourceTree = "<group>"; };
		EDE92DE32B9779AF00C6A055 /* FindFalconPlanetsAndVehiclesWorker.swift */ = {isa = PBXFileReference; lastKnownFileType = sourcecode.swift; path = FindFalconPlanetsAndVehiclesWorker.swift; sourceTree = "<group>"; };
		EDFE181C2BA5A77C0085A0E8 /* DestinationViewTests.swift */ = {isa = PBXFileReference; lastKnownFileType = sourcecode.swift; path = DestinationViewTests.swift; sourceTree = "<group>"; };
		EDFE18242BA5C3140085A0E8 /* FindFalconInteractorErrorMock.swift */ = {isa = PBXFileReference; lastKnownFileType = sourcecode.swift; path = FindFalconInteractorErrorMock.swift; sourceTree = "<group>"; };
/* End PBXFileReference section */

/* Begin PBXFrameworksBuildPhase section */
		EDE92D7C2B95FEAC00C6A055 /* Frameworks */ = {
			isa = PBXFrameworksBuildPhase;
			buildActionMask = 2147483647;
			files = (
			);
			runOnlyForDeploymentPostprocessing = 0;
		};
		EDE92D8C2B95FEAF00C6A055 /* Frameworks */ = {
			isa = PBXFrameworksBuildPhase;
			buildActionMask = 2147483647;
			files = (
			);
			runOnlyForDeploymentPostprocessing = 0;
		};
/* End PBXFrameworksBuildPhase section */

/* Begin PBXGroup section */
		ED5C880F2B9D623F00D97AE3 /* FoundFalcon */ = {
			isa = PBXGroup;
			children = (
				ED5C88142B9D693200D97AE3 /* FoundFalconConfigurator.swift */,
				ED5C881D2B9DBA0A00D97AE3 /* FoundFalconDataStore.swift */,
				ED5C88122B9D68BE00D97AE3 /* FoundFalconInteractor.swift */,
				ED5C88182B9D6D9500D97AE3 /* FoundFalconModel.swift */,
				ED5C88162B9D698700D97AE3 /* FoundFalconPresenter.swift */,
				ED5C88102B9D67C900D97AE3 /* FoundFalconView.swift */,
				EDE92DCB2B96D19F00C6A055 /* FoundFalconWorker.swift */,
			);
			path = FoundFalcon;
			sourceTree = "<group>";
		};
		ED5C88212BA1FC2300D97AE3 /* Mocks */ = {
			isa = PBXGroup;
			children = (
				ED5C883F2BA4410200D97AE3 /* NetworkManagerMock.swift */,
			);
			path = Mocks;
			sourceTree = "<group>";
		};
		ED5C88242BA1FE2000D97AE3 /* Utilities */ = {
			isa = PBXGroup;
			children = (
				ED5C88252BA1FE3500D97AE3 /* Mocks.swift */,
			);
			path = Utilities;
			sourceTree = "<group>";
		};
		ED5C88292BA2095E00D97AE3 /* Networking */ = {
			isa = PBXGroup;
			children = (
				ED5C88492BA450E200D97AE3 /* Mocks */,
				ED5C882A2BA2097E00D97AE3 /* NetworkManagerTests.swift */,
				ED5C88302BA3520A00D97AE3 /* ResponseHandlerTests.swift */,
				ED5C882E2BA339AA00D97AE3 /* URLSessionClientTests.swift */,
			);
			path = Networking;
			sourceTree = "<group>";
		};
		ED5C88322BA3625300D97AE3 /* FoundFalcon */ = {
			isa = PBXGroup;
			children = (
				ED5C88362BA42BED00D97AE3 /* FoundFalconInteractorTests.swift */,
				ED5C883D2BA43BDA00D97AE3 /* FoundFalconPresenterTests.swift */,
				ED5C88452BA44EF500D97AE3 /* FoundFalconViewTests.swift */,
				ED5C88412BA44C4E00D97AE3 /* FoundFalconWorkerTests.swift */,
				ED5C88382BA42E3000D97AE3 /* Mocks */,
			);
			path = FoundFalcon;
			sourceTree = "<group>";
		};
		ED5C88332BA3625F00D97AE3 /* FindFalcon */ = {
			isa = PBXGroup;
			children = (
				ED5C88572BA4823500D97AE3 /* FindFalconInteractorTests.swift */,
				ED5C88592BA4824C00D97AE3 /* FindFalconPresenterTests.swift */,
				ED5C885B2BA4826900D97AE3 /* FindFalconViewTests.swift */,
				ED5C884C2BA451B400D97AE3 /* Mocks */,
				EDFE18232BA5A8A80085A0E8 /* Models */,
				EDFE181F2BA5A7AC0085A0E8 /* UIComponents */,
				EDFE181E2BA5A78F0085A0E8 /* Workers */,
			);
			path = FindFalcon;
			sourceTree = "<group>";
		};
		ED5C88382BA42E3000D97AE3 /* Mocks */ = {
			isa = PBXGroup;
			children = (
				ED5C883B2BA43AF600D97AE3 /* FoundFalconDisplayMock.swift */,
				ED5C88432BA44E7900D97AE3 /* FoundFalconInteractorMock.swift */,
				ED5C88472BA4507900D97AE3 /* FoundFalconModelMocks.swift */,
				ED5C88342BA42AA700D97AE3 /* FoundFalconPresenterMock.swift */,
				ED5C88392BA42E4100D97AE3 /* FoundFalconWorkerMock.swift */,
			);
			path = Mocks;
			sourceTree = "<group>";
		};
		ED5C88492BA450E200D97AE3 /* Mocks */ = {
			isa = PBXGroup;
			children = (
				ED5C88272BA204B300D97AE3 /* APIClientMock.swift */,
				ED5C882C2BA3389500D97AE3 /* ServerMock.swift */,
			);
			path = Mocks;
			sourceTree = "<group>";
		};
		ED5C884C2BA451B400D97AE3 /* Mocks */ = {
			isa = PBXGroup;
			children = (
				ED5C884D2BA47D0F00D97AE3 /* FindFalconDisplayMock.swift */,
				EDFE18242BA5C3140085A0E8 /* FindFalconInteractorErrorMock.swift */,
				ED5C884F2BA47D2200D97AE3 /* FindFalconInteractorMock.swift */,
				ED5C884A2BA4514D00D97AE3 /* FindFalconModelMocks.swift */,
				ED5C88552BA47E4100D97AE3 /* FindFalconPlanetsAndVehiclesWorkerMock.swift */,
				ED5C88512BA47E0B00D97AE3 /* FindFalconPresenterMock.swift */,
				ED5C88532BA47E3100D97AE3 /* FindFalconTokenWorkerMock.swift */,
				ED5C88222BA1FC4000D97AE3 /* ModelMocks.swift */,
			);
			path = Mocks;
			sourceTree = "<group>";
		};
		EDE92D762B95FEAC00C6A055 = {
			isa = PBXGroup;
			children = (
				EDE92D812B95FEAC00C6A055 /* FindingFalcon */,
				EDE92D922B95FEAF00C6A055 /* FindingFalconTests */,
				EDE92D802B95FEAC00C6A055 /* Products */,
			);
			sourceTree = "<group>";
		};
		EDE92D802B95FEAC00C6A055 /* Products */ = {
			isa = PBXGroup;
			children = (
				EDE92D7F2B95FEAC00C6A055 /* FindingFalcon.app */,
				EDE92D8F2B95FEAF00C6A055 /* FindingFalconTests.xctest */,
			);
			name = Products;
			sourceTree = "<group>";
		};
		EDE92D812B95FEAC00C6A055 /* FindingFalcon */ = {
			isa = PBXGroup;
			children = (
				EDE92DC42B96363E00C6A055 /* FindFalcon */,
				ED5C880F2B9D623F00D97AE3 /* FoundFalcon */,
				EDE92DAC2B95FF0F00C6A055 /* Networking */,
				EDE92D822B95FEAC00C6A055 /* FindingFalconApp.swift */,
				EDE92D862B95FEAF00C6A055 /* Assets.xcassets */,
				EDE92D882B95FEAF00C6A055 /* Preview Content */,
			);
			path = FindingFalcon;
			sourceTree = "<group>";
		};
		EDE92D882B95FEAF00C6A055 /* Preview Content */ = {
			isa = PBXGroup;
			children = (
				EDE92D892B95FEAF00C6A055 /* Preview Assets.xcassets */,
			);
			path = "Preview Content";
			sourceTree = "<group>";
		};
		EDE92D922B95FEAF00C6A055 /* FindingFalconTests */ = {
			isa = PBXGroup;
			children = (
				ED5C88332BA3625F00D97AE3 /* FindFalcon */,
				ED5C88322BA3625300D97AE3 /* FoundFalcon */,
				ED5C88212BA1FC2300D97AE3 /* Mocks */,
				ED5C88292BA2095E00D97AE3 /* Networking */,
				ED5C88242BA1FE2000D97AE3 /* Utilities */,
			);
			path = FindingFalconTests;
			sourceTree = "<group>";
		};
		EDE92DAC2B95FF0F00C6A055 /* Networking */ = {
			isa = PBXGroup;
			children = (
				EDE92DAD2B95FF2F00C6A055 /* API.swift */,
				EDE92DB12B96026000C6A055 /* APIClient.swift */,
				EDE92DC02B961EB900C6A055 /* APIError.swift */,
				EDE92DBE2B961E8100C6A055 /* APIResponse.swift */,
				EDE92DAF2B96023400C6A055 /* NetworkManager.swift */,
				EDE92DB32B96029000C6A055 /* ResponseHandler.swift */,
			);
			path = Networking;
			sourceTree = "<group>";
		};
		EDE92DB52B961D4300C6A055 /* Models */ = {
			isa = PBXGroup;
			children = (
				ED5C881F2BA1881800D97AE3 /* FindFalconDataModel.swift */,
				EDE92DD72B96F9E500C6A055 /* FindFalconDataStore.swift */,
				EDE92DB62B961D5500C6A055 /* Planet.swift */,
				EDE92DBA2B961DB100C6A055 /* Token.swift */,
				EDE92DB82B961D6900C6A055 /* Vehicle.swift */,
			);
			path = Models;
			sourceTree = "<group>";
		};
		EDE92DC42B96363E00C6A055 /* FindFalcon */ = {
			isa = PBXGroup;
			children = (
				EDE92DCD2B96EA2000C6A055 /* FindFalconConfigurator.swift */,
				EDE92DC22B9634F600C6A055 /* FindFalconInteractor.swift */,
				EDE92DD92B96FBA500C6A055 /* FindFalconModel.swift */,
				EDE92DC72B96383700C6A055 /* FindFalconPresenter.swift */,
				ED5C880D2B9CE40D00D97AE3 /* FindFalconRouter.swift */,
				EDE92D842B95FEAC00C6A055 /* FindFalconView.swift */,
				EDE92DB52B961D4300C6A055 /* Models */,
				EDE92DD62B96F74300C6A055 /* UIComponents */,
				EDE92DCF2B96EC0700C6A055 /* Workers */,
			);
			path = FindFalcon;
			sourceTree = "<group>";
		};
		EDE92DCF2B96EC0700C6A055 /* Workers */ = {
			isa = PBXGroup;
			children = (
				EDE92DD42B96ECB800C6A055 /* FindFalconTokenWorker.swift */,
				EDE92DE32B9779AF00C6A055 /* FindFalconPlanetsAndVehiclesWorker.swift */,
			);
			path = Workers;
			sourceTree = "<group>";
		};
		EDE92DD62B96F74300C6A055 /* UIComponents */ = {
			isa = PBXGroup;
			children = (
				EDE92DE12B9757B400C6A055 /* DestinationView.swift */,
				EDE92DDF2B97216000C6A055 /* SelectVehicleView.swift */,
			);
			path = UIComponents;
			sourceTree = "<group>";
		};
		EDFE181E2BA5A78F0085A0E8 /* Workers */ = {
			isa = PBXGroup;
			children = (
				ED5C885F2BA4829100D97AE3 /* FindFalconPlanetsAndVehiclesWorkerTests.swift */,
				ED5C885D2BA4828200D97AE3 /* FindFalconTokenWorkerTests.swift */,
			);
			path = Workers;
			sourceTree = "<group>";
		};
		EDFE181F2BA5A7AC0085A0E8 /* UIComponents */ = {
			isa = PBXGroup;
			children = (
				EDFE181C2BA5A77C0085A0E8 /* DestinationViewTests.swift */,
			);
			path = UIComponents;
			sourceTree = "<group>";
		};
		EDFE18232BA5A8A80085A0E8 /* Models */ = {
			isa = PBXGroup;
			children = (
				ED5C88612BA4A58C00D97AE3 /* FindFalconDataModelTests.swift */,
				ED5C88632BA4B79800D97AE3 /* FindFalconDataStoreTests.swift */,
			);
			path = Models;
			sourceTree = "<group>";
		};
/* End PBXGroup section */

/* Begin PBXNativeTarget section */
		EDE92D7E2B95FEAC00C6A055 /* FindingFalcon */ = {
			isa = PBXNativeTarget;
			buildConfigurationList = EDE92DA32B95FEAF00C6A055 /* Build configuration list for PBXNativeTarget "FindingFalcon" */;
			buildPhases = (
				EDE92D7B2B95FEAC00C6A055 /* Sources */,
				EDE92D7C2B95FEAC00C6A055 /* Frameworks */,
				EDE92D7D2B95FEAC00C6A055 /* Resources */,
			);
			buildRules = (
			);
			dependencies = (
			);
			name = FindingFalcon;
			productName = FindingFalcon;
			productReference = EDE92D7F2B95FEAC00C6A055 /* FindingFalcon.app */;
			productType = "com.apple.product-type.application";
		};
		EDE92D8E2B95FEAF00C6A055 /* FindingFalconTests */ = {
			isa = PBXNativeTarget;
			buildConfigurationList = EDE92DA62B95FEAF00C6A055 /* Build configuration list for PBXNativeTarget "FindingFalconTests" */;
			buildPhases = (
				EDE92D8B2B95FEAF00C6A055 /* Sources */,
				EDE92D8C2B95FEAF00C6A055 /* Frameworks */,
				EDE92D8D2B95FEAF00C6A055 /* Resources */,
			);
			buildRules = (
			);
			dependencies = (
				EDE92D912B95FEAF00C6A055 /* PBXTargetDependency */,
			);
			name = FindingFalconTests;
			packageProductDependencies = (
			);
			productName = FindingFalconTests;
			productReference = EDE92D8F2B95FEAF00C6A055 /* FindingFalconTests.xctest */;
			productType = "com.apple.product-type.bundle.unit-test";
		};
/* End PBXNativeTarget section */

/* Begin PBXProject section */
		EDE92D772B95FEAC00C6A055 /* Project object */ = {
			isa = PBXProject;
			attributes = {
				BuildIndependentTargetsInParallel = 1;
				LastSwiftUpdateCheck = 1520;
				LastUpgradeCheck = 1520;
				TargetAttributes = {
					EDE92D7E2B95FEAC00C6A055 = {
						CreatedOnToolsVersion = 15.2;
					};
					EDE92D8E2B95FEAF00C6A055 = {
						CreatedOnToolsVersion = 15.2;
						TestTargetID = EDE92D7E2B95FEAC00C6A055;
					};
				};
			};
			buildConfigurationList = EDE92D7A2B95FEAC00C6A055 /* Build configuration list for PBXProject "FindingFalcon" */;
			compatibilityVersion = "Xcode 14.0";
			developmentRegion = en;
			hasScannedForEncodings = 0;
			knownRegions = (
				en,
				Base,
			);
			mainGroup = EDE92D762B95FEAC00C6A055;
			packageReferences = (
			);
			productRefGroup = EDE92D802B95FEAC00C6A055 /* Products */;
			projectDirPath = "";
			projectRoot = "";
			targets = (
				EDE92D7E2B95FEAC00C6A055 /* FindingFalcon */,
				EDE92D8E2B95FEAF00C6A055 /* FindingFalconTests */,
			);
		};
/* End PBXProject section */

/* Begin PBXResourcesBuildPhase section */
		EDE92D7D2B95FEAC00C6A055 /* Resources */ = {
			isa = PBXResourcesBuildPhase;
			buildActionMask = 2147483647;
			files = (
				EDE92D8A2B95FEAF00C6A055 /* Preview Assets.xcassets in Resources */,
				EDE92D872B95FEAF00C6A055 /* Assets.xcassets in Resources */,
			);
			runOnlyForDeploymentPostprocessing = 0;
		};
		EDE92D8D2B95FEAF00C6A055 /* Resources */ = {
			isa = PBXResourcesBuildPhase;
			buildActionMask = 2147483647;
			files = (
			);
			runOnlyForDeploymentPostprocessing = 0;
		};
/* End PBXResourcesBuildPhase section */

/* Begin PBXSourcesBuildPhase section */
		EDE92D7B2B95FEAC00C6A055 /* Sources */ = {
			isa = PBXSourcesBuildPhase;
			buildActionMask = 2147483647;
			files = (
				ED5C88132B9D68BE00D97AE3 /* FoundFalconInteractor.swift in Sources */,
				EDE92DDA2B96FBA500C6A055 /* FindFalconModel.swift in Sources */,
				EDE92DBB2B961DB100C6A055 /* Token.swift in Sources */,
				EDE92DB92B961D6900C6A055 /* Vehicle.swift in Sources */,
				EDE92DB02B96023400C6A055 /* NetworkManager.swift in Sources */,
				EDE92DC82B96383700C6A055 /* FindFalconPresenter.swift in Sources */,
				EDE92DD82B96F9E500C6A055 /* FindFalconDataStore.swift in Sources */,
				EDE92D852B95FEAC00C6A055 /* FindFalconView.swift in Sources */,
				EDE92DC12B961EB900C6A055 /* APIError.swift in Sources */,
				EDE92DD52B96ECB800C6A055 /* FindFalconTokenWorker.swift in Sources */,
				EDE92DE02B97216000C6A055 /* SelectVehicleView.swift in Sources */,
				EDE92DBF2B961E8100C6A055 /* APIResponse.swift in Sources */,
				ED5C88112B9D67C900D97AE3 /* FoundFalconView.swift in Sources */,
				EDE92DB22B96026000C6A055 /* APIClient.swift in Sources */,
				EDE92DE42B9779AF00C6A055 /* FindFalconPlanetsAndVehiclesWorker.swift in Sources */,
				ED5C881E2B9DBA0A00D97AE3 /* FoundFalconDataStore.swift in Sources */,
				EDE92DAE2B95FF2F00C6A055 /* API.swift in Sources */,
				ED5C88202BA1881800D97AE3 /* FindFalconDataModel.swift in Sources */,
				ED5C88152B9D693200D97AE3 /* FoundFalconConfigurator.swift in Sources */,
				ED5C88192B9D6D9500D97AE3 /* FoundFalconModel.swift in Sources */,
				EDE92DB72B961D5500C6A055 /* Planet.swift in Sources */,
				ED5C880E2B9CE40D00D97AE3 /* FindFalconRouter.swift in Sources */,
				EDE92D832B95FEAC00C6A055 /* FindingFalconApp.swift in Sources */,
				ED5C88172B9D698700D97AE3 /* FoundFalconPresenter.swift in Sources */,
				EDE92DB42B96029000C6A055 /* ResponseHandler.swift in Sources */,
				EDE92DCC2B96D19F00C6A055 /* FoundFalconWorker.swift in Sources */,
				EDE92DE22B9757B400C6A055 /* DestinationView.swift in Sources */,
				EDE92DCE2B96EA2000C6A055 /* FindFalconConfigurator.swift in Sources */,
				EDE92DC32B9634F600C6A055 /* FindFalconInteractor.swift in Sources */,
			);
			runOnlyForDeploymentPostprocessing = 0;
		};
		EDE92D8B2B95FEAF00C6A055 /* Sources */ = {
			isa = PBXSourcesBuildPhase;
			buildActionMask = 2147483647;
			files = (
				ED5C882B2BA2097E00D97AE3 /* NetworkManagerTests.swift in Sources */,
				ED5C88282BA204B300D97AE3 /* APIClientMock.swift in Sources */,
				ED5C88602BA4829100D97AE3 /* FindFalconPlanetsAndVehiclesWorkerTests.swift in Sources */,
				ED5C88502BA47D2200D97AE3 /* FindFalconInteractorMock.swift in Sources */,
				ED5C88542BA47E3100D97AE3 /* FindFalconTokenWorkerMock.swift in Sources */,
				ED5C88462BA44EF500D97AE3 /* FoundFalconViewTests.swift in Sources */,
				EDFE181D2BA5A77C0085A0E8 /* DestinationViewTests.swift in Sources */,
				ED5C88352BA42AA700D97AE3 /* FoundFalconPresenterMock.swift in Sources */,
				ED5C88622BA4A58C00D97AE3 /* FindFalconDataModelTests.swift in Sources */,
				EDFE18252BA5C3140085A0E8 /* FindFalconInteractorErrorMock.swift in Sources */,
				ED5C884E2BA47D0F00D97AE3 /* FindFalconDisplayMock.swift in Sources */,
				ED5C88642BA4B79800D97AE3 /* FindFalconDataStoreTests.swift in Sources */,
				ED5C88312BA3520A00D97AE3 /* ResponseHandlerTests.swift in Sources */,
				ED5C88522BA47E0B00D97AE3 /* FindFalconPresenterMock.swift in Sources */,
				ED5C883E2BA43BDA00D97AE3 /* FoundFalconPresenterTests.swift in Sources */,
				ED5C885C2BA4826900D97AE3 /* FindFalconViewTests.swift in Sources */,
				ED5C883C2BA43AF600D97AE3 /* FoundFalconDisplayMock.swift in Sources */,
				ED5C88232BA1FC4000D97AE3 /* ModelMocks.swift in Sources */,
				ED5C88582BA4823500D97AE3 /* FindFalconInteractorTests.swift in Sources */,
				ED5C88422BA44C4E00D97AE3 /* FoundFalconWorkerTests.swift in Sources */,
				ED5C884B2BA4514D00D97AE3 /* FindFalconModelMocks.swift in Sources */,
				ED5C88372BA42BED00D97AE3 /* FoundFalconInteractorTests.swift in Sources */,
				ED5C882D2BA3389500D97AE3 /* ServerMock.swift in Sources */,
				ED5C883A2BA42E4100D97AE3 /* FoundFalconWorkerMock.swift in Sources */,
				ED5C88442BA44E7900D97AE3 /* FoundFalconInteractorMock.swift in Sources */,
				ED5C885A2BA4824C00D97AE3 /* FindFalconPresenterTests.swift in Sources */,
				ED5C88262BA1FE3500D97AE3 /* Mocks.swift in Sources */,
				ED5C88562BA47E4100D97AE3 /* FindFalconPlanetsAndVehiclesWorkerMock.swift in Sources */,
				ED5C885E2BA4828200D97AE3 /* FindFalconTokenWorkerTests.swift in Sources */,
				ED5C882F2BA339AA00D97AE3 /* URLSessionClientTests.swift in Sources */,
				ED5C88482BA4507900D97AE3 /* FoundFalconModelMocks.swift in Sources */,
				ED5C88402BA4410200D97AE3 /* NetworkManagerMock.swift in Sources */,
			);
			runOnlyForDeploymentPostprocessing = 0;
		};
/* End PBXSourcesBuildPhase section */

/* Begin PBXTargetDependency section */
		EDE92D912B95FEAF00C6A055 /* PBXTargetDependency */ = {
			isa = PBXTargetDependency;
			target = EDE92D7E2B95FEAC00C6A055 /* FindingFalcon */;
			targetProxy = EDE92D902B95FEAF00C6A055 /* PBXContainerItemProxy */;
		};
/* End PBXTargetDependency section */

/* Begin XCBuildConfiguration section */
		EDE92DA12B95FEAF00C6A055 /* Debug */ = {
			isa = XCBuildConfiguration;
			buildSettings = {
				ALWAYS_SEARCH_USER_PATHS = NO;
				ASSETCATALOG_COMPILER_GENERATE_SWIFT_ASSET_SYMBOL_EXTENSIONS = YES;
				CLANG_ANALYZER_NONNULL = YES;
				CLANG_ANALYZER_NUMBER_OBJECT_CONVERSION = YES_AGGRESSIVE;
				CLANG_CXX_LANGUAGE_STANDARD = "gnu++20";
				CLANG_ENABLE_MODULES = YES;
				CLANG_ENABLE_OBJC_ARC = YES;
				CLANG_ENABLE_OBJC_WEAK = YES;
				CLANG_WARN_BLOCK_CAPTURE_AUTORELEASING = YES;
				CLANG_WARN_BOOL_CONVERSION = YES;
				CLANG_WARN_COMMA = YES;
				CLANG_WARN_CONSTANT_CONVERSION = YES;
				CLANG_WARN_DEPRECATED_OBJC_IMPLEMENTATIONS = YES;
				CLANG_WARN_DIRECT_OBJC_ISA_USAGE = YES_ERROR;
				CLANG_WARN_DOCUMENTATION_COMMENTS = YES;
				CLANG_WARN_EMPTY_BODY = YES;
				CLANG_WARN_ENUM_CONVERSION = YES;
				CLANG_WARN_INFINITE_RECURSION = YES;
				CLANG_WARN_INT_CONVERSION = YES;
				CLANG_WARN_NON_LITERAL_NULL_CONVERSION = YES;
				CLANG_WARN_OBJC_IMPLICIT_RETAIN_SELF = YES;
				CLANG_WARN_OBJC_LITERAL_CONVERSION = YES;
				CLANG_WARN_OBJC_ROOT_CLASS = YES_ERROR;
				CLANG_WARN_QUOTED_INCLUDE_IN_FRAMEWORK_HEADER = YES;
				CLANG_WARN_RANGE_LOOP_ANALYSIS = YES;
				CLANG_WARN_STRICT_PROTOTYPES = YES;
				CLANG_WARN_SUSPICIOUS_MOVE = YES;
				CLANG_WARN_UNGUARDED_AVAILABILITY = YES_AGGRESSIVE;
				CLANG_WARN_UNREACHABLE_CODE = YES;
				CLANG_WARN__DUPLICATE_METHOD_MATCH = YES;
				COPY_PHASE_STRIP = NO;
				DEBUG_INFORMATION_FORMAT = dwarf;
				ENABLE_STRICT_OBJC_MSGSEND = YES;
				ENABLE_TESTABILITY = YES;
				ENABLE_USER_SCRIPT_SANDBOXING = YES;
				GCC_C_LANGUAGE_STANDARD = gnu17;
				GCC_DYNAMIC_NO_PIC = NO;
				GCC_NO_COMMON_BLOCKS = YES;
				GCC_OPTIMIZATION_LEVEL = 0;
				GCC_PREPROCESSOR_DEFINITIONS = (
					"DEBUG=1",
					"$(inherited)",
				);
				GCC_WARN_64_TO_32_BIT_CONVERSION = YES;
				GCC_WARN_ABOUT_RETURN_TYPE = YES_ERROR;
				GCC_WARN_UNDECLARED_SELECTOR = YES;
				GCC_WARN_UNINITIALIZED_AUTOS = YES_AGGRESSIVE;
				GCC_WARN_UNUSED_FUNCTION = YES;
				GCC_WARN_UNUSED_VARIABLE = YES;
				IPHONEOS_DEPLOYMENT_TARGET = 15.0;
				LOCALIZATION_PREFERS_STRING_CATALOGS = YES;
				MTL_ENABLE_DEBUG_INFO = INCLUDE_SOURCE;
				MTL_FAST_MATH = YES;
				ONLY_ACTIVE_ARCH = YES;
				SDKROOT = iphoneos;
				SWIFT_ACTIVE_COMPILATION_CONDITIONS = "DEBUG $(inherited)";
				SWIFT_OPTIMIZATION_LEVEL = "-Onone";
			};
			name = Debug;
		};
		EDE92DA22B95FEAF00C6A055 /* Release */ = {
			isa = XCBuildConfiguration;
			buildSettings = {
				ALWAYS_SEARCH_USER_PATHS = NO;
				ASSETCATALOG_COMPILER_GENERATE_SWIFT_ASSET_SYMBOL_EXTENSIONS = YES;
				CLANG_ANALYZER_NONNULL = YES;
				CLANG_ANALYZER_NUMBER_OBJECT_CONVERSION = YES_AGGRESSIVE;
				CLANG_CXX_LANGUAGE_STANDARD = "gnu++20";
				CLANG_ENABLE_MODULES = YES;
				CLANG_ENABLE_OBJC_ARC = YES;
				CLANG_ENABLE_OBJC_WEAK = YES;
				CLANG_WARN_BLOCK_CAPTURE_AUTORELEASING = YES;
				CLANG_WARN_BOOL_CONVERSION = YES;
				CLANG_WARN_COMMA = YES;
				CLANG_WARN_CONSTANT_CONVERSION = YES;
				CLANG_WARN_DEPRECATED_OBJC_IMPLEMENTATIONS = YES;
				CLANG_WARN_DIRECT_OBJC_ISA_USAGE = YES_ERROR;
				CLANG_WARN_DOCUMENTATION_COMMENTS = YES;
				CLANG_WARN_EMPTY_BODY = YES;
				CLANG_WARN_ENUM_CONVERSION = YES;
				CLANG_WARN_INFINITE_RECURSION = YES;
				CLANG_WARN_INT_CONVERSION = YES;
				CLANG_WARN_NON_LITERAL_NULL_CONVERSION = YES;
				CLANG_WARN_OBJC_IMPLICIT_RETAIN_SELF = YES;
				CLANG_WARN_OBJC_LITERAL_CONVERSION = YES;
				CLANG_WARN_OBJC_ROOT_CLASS = YES_ERROR;
				CLANG_WARN_QUOTED_INCLUDE_IN_FRAMEWORK_HEADER = YES;
				CLANG_WARN_RANGE_LOOP_ANALYSIS = YES;
				CLANG_WARN_STRICT_PROTOTYPES = YES;
				CLANG_WARN_SUSPICIOUS_MOVE = YES;
				CLANG_WARN_UNGUARDED_AVAILABILITY = YES_AGGRESSIVE;
				CLANG_WARN_UNREACHABLE_CODE = YES;
				CLANG_WARN__DUPLICATE_METHOD_MATCH = YES;
				COPY_PHASE_STRIP = NO;
				DEBUG_INFORMATION_FORMAT = "dwarf-with-dsym";
				ENABLE_NS_ASSERTIONS = NO;
				ENABLE_STRICT_OBJC_MSGSEND = YES;
				ENABLE_USER_SCRIPT_SANDBOXING = YES;
				GCC_C_LANGUAGE_STANDARD = gnu17;
				GCC_NO_COMMON_BLOCKS = YES;
				GCC_WARN_64_TO_32_BIT_CONVERSION = YES;
				GCC_WARN_ABOUT_RETURN_TYPE = YES_ERROR;
				GCC_WARN_UNDECLARED_SELECTOR = YES;
				GCC_WARN_UNINITIALIZED_AUTOS = YES_AGGRESSIVE;
				GCC_WARN_UNUSED_FUNCTION = YES;
				GCC_WARN_UNUSED_VARIABLE = YES;
				IPHONEOS_DEPLOYMENT_TARGET = 15.0;
				LOCALIZATION_PREFERS_STRING_CATALOGS = YES;
				MTL_ENABLE_DEBUG_INFO = NO;
				MTL_FAST_MATH = YES;
				SDKROOT = iphoneos;
				SWIFT_COMPILATION_MODE = wholemodule;
				VALIDATE_PRODUCT = YES;
			};
			name = Release;
		};
		EDE92DA42B95FEAF00C6A055 /* Debug */ = {
			isa = XCBuildConfiguration;
			buildSettings = {
				ASSETCATALOG_COMPILER_APPICON_NAME = AppIcon;
				ASSETCATALOG_COMPILER_GLOBAL_ACCENT_COLOR_NAME = AccentColor;
				CODE_SIGN_STYLE = Automatic;
				CURRENT_PROJECT_VERSION = 1;
				DEVELOPMENT_ASSET_PATHS = "\"FindingFalcon/Preview Content\"";
				DEVELOPMENT_TEAM = 53MFN587RT;
				ENABLE_PREVIEWS = YES;
				GENERATE_INFOPLIST_FILE = YES;
				INFOPLIST_KEY_UIApplicationSceneManifest_Generation = YES;
				INFOPLIST_KEY_UIApplicationSupportsIndirectInputEvents = YES;
				INFOPLIST_KEY_UILaunchScreen_Generation = YES;
				INFOPLIST_KEY_UISupportedInterfaceOrientations = "UIInterfaceOrientationLandscapeLeft UIInterfaceOrientationLandscapeRight UIInterfaceOrientationPortrait";
				INFOPLIST_KEY_UISupportedInterfaceOrientations_iPad = "UIInterfaceOrientationLandscapeLeft UIInterfaceOrientationLandscapeRight UIInterfaceOrientationPortrait UIInterfaceOrientationPortraitUpsideDown";
				LD_RUNPATH_SEARCH_PATHS = (
					"$(inherited)",
					"@executable_path/Frameworks",
				);
				MARKETING_VERSION = 1.0.0;
				PRODUCT_BUNDLE_IDENTIFIER = com.pallab.FindingFalcon;
				PRODUCT_NAME = "$(TARGET_NAME)";
				SWIFT_EMIT_LOC_STRINGS = YES;
				SWIFT_VERSION = 5.0;
				TARGETED_DEVICE_FAMILY = "1,2";
			};
			name = Debug;
		};
		EDE92DA52B95FEAF00C6A055 /* Release */ = {
			isa = XCBuildConfiguration;
			buildSettings = {
				ASSETCATALOG_COMPILER_APPICON_NAME = AppIcon;
				ASSETCATALOG_COMPILER_GLOBAL_ACCENT_COLOR_NAME = AccentColor;
				CODE_SIGN_STYLE = Automatic;
				CURRENT_PROJECT_VERSION = 1;
				DEVELOPMENT_ASSET_PATHS = "\"FindingFalcon/Preview Content\"";
				DEVELOPMENT_TEAM = 53MFN587RT;
				ENABLE_PREVIEWS = YES;
				GENERATE_INFOPLIST_FILE = YES;
				INFOPLIST_KEY_UIApplicationSceneManifest_Generation = YES;
				INFOPLIST_KEY_UIApplicationSupportsIndirectInputEvents = YES;
				INFOPLIST_KEY_UILaunchScreen_Generation = YES;
				INFOPLIST_KEY_UISupportedInterfaceOrientations = "UIInterfaceOrientationLandscapeLeft UIInterfaceOrientationLandscapeRight UIInterfaceOrientationPortrait";
				INFOPLIST_KEY_UISupportedInterfaceOrientations_iPad = "UIInterfaceOrientationLandscapeLeft UIInterfaceOrientationLandscapeRight UIInterfaceOrientationPortrait UIInterfaceOrientationPortraitUpsideDown";
				LD_RUNPATH_SEARCH_PATHS = (
					"$(inherited)",
					"@executable_path/Frameworks",
				);
				MARKETING_VERSION = 1.0.0;
				PRODUCT_BUNDLE_IDENTIFIER = com.pallab.FindingFalcon;
				PRODUCT_NAME = "$(TARGET_NAME)";
				SWIFT_EMIT_LOC_STRINGS = YES;
				SWIFT_VERSION = 5.0;
				TARGETED_DEVICE_FAMILY = "1,2";
			};
			name = Release;
		};
		EDE92DA72B95FEAF00C6A055 /* Debug */ = {
			isa = XCBuildConfiguration;
			buildSettings = {
				ALWAYS_EMBED_SWIFT_STANDARD_LIBRARIES = YES;
				BUNDLE_LOADER = "$(TEST_HOST)";
				CODE_SIGN_STYLE = Automatic;
				CURRENT_PROJECT_VERSION = 1;
				DEVELOPMENT_TEAM = 53MFN587RT;
				GENERATE_INFOPLIST_FILE = YES;
				IPHONEOS_DEPLOYMENT_TARGET = 15.0;
				MARKETING_VERSION = 1.0;
				PRODUCT_BUNDLE_IDENTIFIER = com.pallab.FindingFalconTests;
				PRODUCT_NAME = "$(TARGET_NAME)";
				SWIFT_EMIT_LOC_STRINGS = NO;
				SWIFT_VERSION = 5.0;
				TARGETED_DEVICE_FAMILY = "1,2";
				TEST_HOST = "$(BUILT_PRODUCTS_DIR)/FindingFalcon.app/$(BUNDLE_EXECUTABLE_FOLDER_PATH)/FindingFalcon";
			};
			name = Debug;
		};
		EDE92DA82B95FEAF00C6A055 /* Release */ = {
			isa = XCBuildConfiguration;
			buildSettings = {
				ALWAYS_EMBED_SWIFT_STANDARD_LIBRARIES = YES;
				BUNDLE_LOADER = "$(TEST_HOST)";
				CODE_SIGN_STYLE = Automatic;
				CURRENT_PROJECT_VERSION = 1;
				DEVELOPMENT_TEAM = 53MFN587RT;
				GENERATE_INFOPLIST_FILE = YES;
				IPHONEOS_DEPLOYMENT_TARGET = 15.0;
				MARKETING_VERSION = 1.0;
				PRODUCT_BUNDLE_IDENTIFIER = com.pallab.FindingFalconTests;
				PRODUCT_NAME = "$(TARGET_NAME)";
				SWIFT_EMIT_LOC_STRINGS = NO;
				SWIFT_VERSION = 5.0;
				TARGETED_DEVICE_FAMILY = "1,2";
				TEST_HOST = "$(BUILT_PRODUCTS_DIR)/FindingFalcon.app/$(BUNDLE_EXECUTABLE_FOLDER_PATH)/FindingFalcon";
			};
			name = Release;
		};
/* End XCBuildConfiguration section */

/* Begin XCConfigurationList section */
		EDE92D7A2B95FEAC00C6A055 /* Build configuration list for PBXProject "FindingFalcon" */ = {
			isa = XCConfigurationList;
			buildConfigurations = (
				EDE92DA12B95FEAF00C6A055 /* Debug */,
				EDE92DA22B95FEAF00C6A055 /* Release */,
			);
			defaultConfigurationIsVisible = 0;
			defaultConfigurationName = Release;
		};
		EDE92DA32B95FEAF00C6A055 /* Build configuration list for PBXNativeTarget "FindingFalcon" */ = {
			isa = XCConfigurationList;
			buildConfigurations = (
				EDE92DA42B95FEAF00C6A055 /* Debug */,
				EDE92DA52B95FEAF00C6A055 /* Release */,
			);
			defaultConfigurationIsVisible = 0;
			defaultConfigurationName = Release;
		};
		EDE92DA62B95FEAF00C6A055 /* Build configuration list for PBXNativeTarget "FindingFalconTests" */ = {
			isa = XCConfigurationList;
			buildConfigurations = (
				EDE92DA72B95FEAF00C6A055 /* Debug */,
				EDE92DA82B95FEAF00C6A055 /* Release */,
			);
			defaultConfigurationIsVisible = 0;
			defaultConfigurationName = Release;
		};
/* End XCConfigurationList section */
	};
	rootObject = EDE92D772B95FEAC00C6A055 /* Project object */;
}
